Microsoft Visual Studio Solution File, Format Version 11.00
# Visual Studio 2008

Project("{344F05F8-A5D5-02D3-249C-BDCAE0A2B565}") = "finalproject", "Assembly-CSharp.csproj", "{ACE1C004-D947-15D3-F006-DEBDF5FDB721}"
EndProject
Global
	GlobalSection(SolutionConfigurationPlatforms) = preSolution
		Debug|Any CPU = Debug|Any CPU
		Release|Any CPU = Release|Any CPU
	EndGlobalSection
	GlobalSection(ProjectConfigurationPlatforms) = postSolution
		{ACE1C004-D947-15D3-F006-DEBDF5FDB721}.Debug|Any CPU.ActiveCfg = Debug|Any CPU
		{ACE1C004-D947-15D3-F006-DEBDF5FDB721}.Debug|Any CPU.Build.0 = Debug|Any CPU
		{ACE1C004-D947-15D3-F006-DEBDF5FDB721}.Release|Any CPU.ActiveCfg = Release|Any CPU
		{ACE1C004-D947-15D3-F006-DEBDF5FDB721}.Release|Any CPU.Build.0 = Release|Any CPU
	EndGlobalSection
	GlobalSection(SolutionProperties) = preSolution
		HideSolutionNode = FALSE
	EndGlobalSection
	GlobalSection(MonoDevelopProperties) = preSolution
		StartupItem = Assembly-CSharp.csproj
	EndGlobalSection
EndGlobal
